# This file is generated by running "yarn install" inside your project.
# Manual changes might be lost - proceed with caution!

__metadata:
  version: 8
  cacheKey: 10c0

"@types/node@npm:^24.0.4":
  version: 24.0.4
  resolution: "@types/node@npm:24.0.4"
  dependencies:
    undici-types: "npm:~7.8.0"
  checksum: 10c0/590e8cb0ec59fb9cd566402120e690d87ecbdf57f1ee2b8493266121ed33aa4b25949a0c6156b84a6ffb9250baaf1f80e9af142da542ed603e6ee73fc4d1115f
  languageName: node
  linkType: hard

"strip-types-demo@workspace:.":
  version: 0.0.0-use.local
  resolution: "strip-types-demo@workspace:."
  dependencies:
    "@types/node": "npm:^24.0.4"
  languageName: unknown
  linkType: soft

"undici-types@npm:~7.8.0":
  version: 7.8.0
  resolution: "undici-types@npm:7.8.0"
  checksum: 10c0/9d9d246d1dc32f318d46116efe3cfca5a72d4f16828febc1918d94e58f6ffcf39c158aa28bf5b4fc52f410446bc7858f35151367bd7a49f21746cab6497b709b
  languageName: node
  linkType: hard
